
Microsoft Visual Studio Solution File, Format Version 12.00
# Visual Studio Version 16
VisualStudioVersion = 16.0.29318.209
MinimumVisualStudioVersion = 10.0.40219.1
Project("{FAE04EC0-301F-11D3-BF4B-00C04F79EFBC}") = "WindowsFormsApp1", "WindowsFormsApp1\WindowsFormsApp1.csproj", "{A5C3472D-6F5C-40F5-AAAB-27EE13BEF28D}"
EndProject
Global
	GlobalSection(SolutionConfigurationPlatforms) = preSolution
		Debug|Any CPU = Debug|Any CPU
		Release|Any CPU = Release|Any CPU
	EndGlobalSection
	GlobalSection(ProjectConfigurationPlatforms) = postSolution
		{A5C3472D-6F5C-40F5-AAAB-27EE13BEF28D}.Debug|Any CPU.ActiveCfg = Debug|Any CPU
		{A5C3472D-6F5C-40F5-AAAB-27EE13BEF28D}.Debug|Any CPU.Build.0 = Debug|Any CPU
		{A5C3472D-6F5C-40F5-AAAB-27EE13BEF28D}.Release|Any CPU.ActiveCfg = Release|Any CPU
		{A5C3472D-6F5C-40F5-AAAB-27EE13BEF28D}.Release|Any CPU.Build.0 = Release|Any CPU
	EndGlobalSection
	GlobalSection(SolutionProperties) = preSolution
		HideSolutionNode = FALSE
	EndGlobalSection
	GlobalSection(ExtensibilityGlobals) = postSolution
		SolutionGuid = {19FA2761-2C72-4757-AD67-DBF31D0ED4C1}
	EndGlobalSection
EndGlobal
